// !$*UTF8*$!
{
	archiveVersion = 1;
	classes = {
	};
	objectVersion = 46;
	objects = {

/* Begin PBXBuildFile section */
		3D334BEE1B24C58E00F5BB41 /* main.m in Sources */ = {isa = PBXBuildFile; fileRef = 3D334BED1B24C58E00F5BB41 /* main.m */; };
		3D334BF11B24C58E00F5BB41 /* AppDelegate.m in Sources */ = {isa = PBXBuildFile; fileRef = 3D334BF01B24C58E00F5BB41 /* AppDelegate.m */; };
		3D334BF41B24C58E00F5BB41 /* ViewController.m in Sources */ = {isa = PBXBuildFile; fileRef = 3D334BF31B24C58E00F5BB41 /* ViewController.m */; };
		3D334BF71B24C58E00F5BB41 /* Main.storyboard in Resources */ = {isa = PBXBuildFile; fileRef = 3D334BF51B24C58E00F5BB41 /* Main.storyboard */; };
		3D334BF91B24C58E00F5BB41 /* Images.xcassets in Resources */ = {isa = PBXBuildFile; fileRef = 3D334BF81B24C58E00F5BB41 /* Images.xcassets */; };
		3D334BFC1B24C58E00F5BB41 /* LaunchScreen.xib in Resources */ = {isa = PBXBuildFile; fileRef = 3D334BFA1B24C58E00F5BB41 /* LaunchScreen.xib */; };
		3D334C081B24C58E00F5BB41 /* madLibsKairaTests.m in Sources */ = {isa = PBXBuildFile; fileRef = 3D334C071B24C58E00F5BB41 /* madLibsKairaTests.m */; };
/* End PBXBuildFile section */

/* Begin PBXContainerItemProxy section */
		3D334C021B24C58E00F5BB41 /* PBXContainerItemProxy */ = {
			isa = PBXContainerItemProxy;
			containerPortal = 3D334BE01B24C58D00F5BB41 /* Project object */;
			proxyType = 1;
			remoteGlobalIDString = 3D334BE71B24C58D00F5BB41;
			remoteInfo = madLibsKaira;
		};
/* End PBXContainerItemProxy section */

/* Begin PBXFileReference section */
		3D334BE81B24C58E00F5BB41 /* madLibsKaira.app */ = {isa = PBXFileReference; explicitFileType = wrapper.application; includeInIndex = 0; path = madLibsKaira.app; sourceTree = BUILT_PRODUCTS_DIR; };
		3D334BEC1B24C58E00F5BB41 /* Info.plist */ = {isa = PBXFileReference; lastKnownFileType = text.plist.xml; path = Info.plist; sourceTree = "<group>"; };
		3D334BED1B24C58E00F5BB41 /* main.m */ = {isa = PBXFileReference; lastKnownFileType = sourcecode.c.objc; path = main.m; sourceTree = "<group>"; };
		3D334BEF1B24C58E00F5BB41 /* AppDelegate.h */ = {isa = PBXFileReference; lastKnownFileType = sourcecode.c.h; path = AppDelegate.h; sourceTree = "<group>"; };
		3D334BF01B24C58E00F5BB41 /* AppDelegate.m */ = {isa = PBXFileReference; lastKnownFileType = sourcecode.c.objc; path = AppDelegate.m; sourceTree = "<group>"; };
		3D334BF21B24C58E00F5BB41 /* ViewController.h */ = {isa = PBXFileReference; lastKnownFileType = sourcecode.c.h; path = ViewController.h; sourceTree = "<group>"; };
		3D334BF31B24C58E00F5BB41 /* ViewController.m */ = {isa = PBXFileReference; lastKnownFileType = sourcecode.c.objc; path = ViewController.m; sourceTree = "<group>"; };
		3D334BF61B24C58E00F5BB41 /* Base */ = {isa = PBXFileReference; lastKnownFileType = file.storyboard; name = Base; path = Base.lproj/Main.storyboard; sourceTree = "<group>"; };
		3D334BF81B24C58E00F5BB41 /* Images.xcassets */ = {isa = PBXFileReference; lastKnownFileType = folder.assetcatalog; path = Images.xcassets; sourceTree = "<group>"; };
		3D334BFB1B24C58E00F5BB41 /* Base */ = {isa = PBXFileReference; lastKnownFileType = file.xib; name = Base; path = Base.lproj/LaunchScreen.xib; sourceTree = "<group>"; };
		3D334C011B24C58E00F5BB41 /* madLibsKairaTests.xctest */ = {isa = PBXFileReference; explicitFileType = wrapper.cfbundle; includeInIndex = 0; path = madLibsKairaTests.xctest; sourceTree = BUILT_PRODUCTS_DIR; };
		3D334C061B24C58E00F5BB41 /* Info.plist */ = {isa = PBXFileReference; lastKnownFileType = text.plist.xml; path = Info.plist; sourceTree = "<group>"; };
		3D334C071B24C58E00F5BB41 /* madLibsKairaTests.m */ = {isa = PBXFileReference; lastKnownFileType = sourcecode.c.objc; path = madLibsKairaTests.m; sourceTree = "<group>"; };
/* End PBXFileReference section */

/* Begin PBXFrameworksBuildPhase section */
		3D334BE51B24C58D00F5BB41 /* Frameworks */ = {
			isa = PBXFrameworksBuildPhase;
			buildActionMask = 2147483647;
			files = (
			);
			runOnlyForDeploymentPostprocessing = 0;
		};
		3D334BFE1B24C58E00F5BB41 /* Frameworks */ = {
			isa = PBXFrameworksBuildPhase;
			buildActionMask = 2147483647;
			files = (
			);
			runOnlyForDeploymentPostprocessing = 0;
		};
/* End PBXFrameworksBuildPhase section */

/* Begin PBXGroup section */
		3D334BDF1B24C58D00F5BB41 = {
			isa = PBXGroup;
			children = (
				3D334BEA1B24C58E00F5BB41 /* madLibsKaira */,
				3D334C041B24C58E00F5BB41 /* madLibsKairaTests */,
				3D334BE91B24C58E00F5BB41 /* Products */,
			);
			sourceTree = "<group>";
		};
		3D334BE91B24C58E00F5BB41 /* Products */ = {
			isa = PBXGroup;
			children = (
				3D334BE81B24C58E00F5BB41 /* madLibsKaira.app */,
				3D334C011B24C58E00F5BB41 /* madLibsKairaTests.xctest */,
			);
			name = Products;
			sourceTree = "<group>";
		};
		3D334BEA1B24C58E00F5BB41 /* madLibsKaira */ = {
			isa = PBXGroup;
			children = (
				3D334BEF1B24C58E00F5BB41 /* AppDelegate.h */,
				3D334BF01B24C58E00F5BB41 /* AppDelegate.m */,
				3D334BF21B24C58E00F5BB41 /* ViewController.h */,
				3D334BF31B24C58E00F5BB41 /* ViewController.m */,
				3D334BF51B24C58E00F5BB41 /* Main.storyboard */,
				3D334BF81B24C58E00F5BB41 /* Images.xcassets */,
				3D334BFA1B24C58E00F5BB41 /* LaunchScreen.xib */,
				3D334BEB1B24C58E00F5BB41 /* Supporting Files */,
			);
			path = madLibsKaira;
			sourceTree = "<group>";
		};
		3D334BEB1B24C58E00F5BB41 /* Supporting Files */ = {
			isa = PBXGroup;
			children = (
				3D334BEC1B24C58E00F5BB41 /* Info.plist */,
				3D334BED1B24C58E00F5BB41 /* main.m */,
			);
			name = "Supporting Files";
			sourceTree = "<group>";
		};
		3D334C041B24C58E00F5BB41 /* madLibsKairaTests */ = {
			isa = PBXGroup;
			children = (
				3D334C071B24C58E00F5BB41 /* madLibsKairaTests.m */,
				3D334C051B24C58E00F5BB41 /* Supporting Files */,
			);
			path = madLibsKairaTests;
			sourceTree = "<group>";
		};
		3D334C051B24C58E00F5BB41 /* Supporting Files */ = {
			isa = PBXGroup;
			children = (
				3D334C061B24C58E00F5BB41 /* Info.plist */,
			);
			name = "Supporting Files";
			sourceTree = "<group>";
		};
/* End PBXGroup section */

/* Begin PBXNativeTarget section */
		3D334BE71B24C58D00F5BB41 /* madLibsKaira */ = {
			isa = PBXNativeTarget;
			buildConfigurationList = 3D334C0B1B24C58E00F5BB41 /* Build configuration list for PBXNativeTarget "madLibsKaira" */;
			buildPhases = (
				3D334BE41B24C58D00F5BB41 /* Sources */,
				3D334BE51B24C58D00F5BB41 /* Frameworks */,
				3D334BE61B24C58D00F5BB41 /* Resources */,
			);
			buildRules = (
			);
			dependencies = (
			);
			name = madLibsKaira;
			productName = madLibsKaira;
			productReference = 3D334BE81B24C58E00F5BB41 /* madLibsKaira.app */;
			productType = "com.apple.product-type.application";
		};
		3D334C001B24C58E00F5BB41 /* madLibsKairaTests */ = {
			isa = PBXNativeTarget;
			buildConfigurationList = 3D334C0E1B24C58E00F5BB41 /* Build configuration list for PBXNativeTarget "madLibsKairaTests" */;
			buildPhases = (
				3D334BFD1B24C58E00F5BB41 /* Sources */,
				3D334BFE1B24C58E00F5BB41 /* Frameworks */,
				3D334BFF1B24C58E00F5BB41 /* Resources */,
			);
			buildRules = (
			);
			dependencies = (
				3D334C031B24C58E00F5BB41 /* PBXTargetDependency */,
			);
			name = madLibsKairaTests;
			productName = madLibsKairaTests;
			productReference = 3D334C011B24C58E00F5BB41 /* madLibsKairaTests.xctest */;
			productType = "com.apple.product-type.bundle.unit-test";
		};
/* End PBXNativeTarget section */

/* Begin PBXProject section */
		3D334BE01B24C58D00F5BB41 /* Project object */ = {
			isa = PBXProject;
			attributes = {
				LastUpgradeCheck = 0630;
				ORGANIZATIONNAME = apps;
				TargetAttributes = {
					3D334BE71B24C58D00F5BB41 = {
						CreatedOnToolsVersion = 6.3.2;
					};
					3D334C001B24C58E00F5BB41 = {
						CreatedOnToolsVersion = 6.3.2;
						TestTargetID = 3D334BE71B24C58D00F5BB41;
					};
				};
			};
			buildConfigurationList = 3D334BE31B24C58D00F5BB41 /* Build configuration list for PBXProject "madLibsKaira" */;
			compatibilityVersion = "Xcode 3.2";
			developmentRegion = English;
			hasScannedForEncodings = 0;
			knownRegions = (
				en,
				Base,
			);
			mainGroup = 3D334BDF1B24C58D00F5BB41;
			productRefGroup = 3D334BE91B24C58E00F5BB41 /* Products */;
			projectDirPath = "";
			projectRoot = "";
			targets = (
				3D334BE71B24C58D00F5BB41 /* madLibsKaira */,
				3D334C001B24C58E00F5BB41 /* madLibsKairaTests */,
			);
		};
/* End PBXProject section */

/* Begin PBXResourcesBuildPhase section */
		3D334BE61B24C58D00F5BB41 /* Resources */ = {
			isa = PBXResourcesBuildPhase;
			buildActionMask = 2147483647;
			files = (
				3D334BF71B24C58E00F5BB41 /* Main.storyboard in Resources */,
				3D334BFC1B24C58E00F5BB41 /* LaunchScreen.xib in Resources */,
				3D334BF91B24C58E00F5BB41 /* Images.xcassets in Resources */,
			);
			runOnlyForDeploymentPostprocessing = 0;
		};
		3D334BFF1B24C58E00F5BB41 /* Resources */ = {
			isa = PBXResourcesBuildPhase;
			buildActionMask = 2147483647;
			files = (
			);
			runOnlyForDeploymentPostprocessing = 0;
		};
/* End PBXResourcesBuildPhase section */

/* Begin PBXSourcesBuildPhase section */
		3D334BE41B24C58D00F5BB41 /* Sources */ = {
			isa = PBXSourcesBuildPhase;
			buildActionMask = 2147483647;
			files = (
				3D334BF41B24C58E00F5BB41 /* ViewController.m in Sources */,
				3D334BF11B24C58E00F5BB41 /* AppDelegate.m in Sources */,
				3D334BEE1B24C58E00F5BB41 /* main.m in Sources */,
			);
			runOnlyForDeploymentPostprocessing = 0;
		};
		3D334BFD1B24C58E00F5BB41 /* Sources */ = {
			isa = PBXSourcesBuildPhase;
			buildActionMask = 2147483647;
			files = (
				3D334C081B24C58E00F5BB41 /* madLibsKairaTests.m in Sources */,
			);
			runOnlyForDeploymentPostprocessing = 0;
		};
/* End PBXSourcesBuildPhase section */

/* Begin PBXTargetDependency section */
		3D334C031B24C58E00F5BB41 /* PBXTargetDependency */ = {
			isa = PBXTargetDependency;
			target = 3D334BE71B24C58D00F5BB41 /* madLibsKaira */;
			targetProxy = 3D334C021B24C58E00F5BB41 /* PBXContainerItemProxy */;
		};
/* End PBXTargetDependency section */

/* Begin PBXVariantGroup section */
		3D334BF51B24C58E00F5BB41 /* Main.storyboard */ = {
			isa = PBXVariantGroup;
			children = (
				3D334BF61B24C58E00F5BB41 /* Base */,
			);
			name = Main.storyboard;
			sourceTree = "<group>";
		};
		3D334BFA1B24C58E00F5BB41 /* LaunchScreen.xib */ = {
			isa = PBXVariantGroup;
			children = (
				3D334BFB1B24C58E00F5BB41 /* Base */,
			);
			name = LaunchScreen.xib;
			sourceTree = "<group>";
		};
/* End PBXVariantGroup section */

/* Begin XCBuildConfiguration section */
		3D334C091B24C58E00F5BB41 /* Debug */ = {
			isa = XCBuildConfiguration;
			buildSettings = {
				ALWAYS_SEARCH_USER_PATHS = NO;
				CLANG_CXX_LANGUAGE_STANDARD = "gnu++0x";
				CLANG_CXX_LIBRARY = "libc++";
				CLANG_ENABLE_MODULES = YES;
				CLANG_ENABLE_OBJC_ARC = YES;
				CLANG_WARN_BOOL_CONVERSION = YES;
				CLANG_WARN_CONSTANT_CONVERSION = YES;
				CLANG_WARN_DIRECT_OBJC_ISA_USAGE = YES_ERROR;
				CLANG_WARN_EMPTY_BODY = YES;
				CLANG_WARN_ENUM_CONVERSION = YES;
				CLANG_WARN_INT_CONVERSION = YES;
				CLANG_WARN_OBJC_ROOT_CLASS = YES_ERROR;
				CLANG_WARN_UNREACHABLE_CODE = YES;
				CLANG_WARN__DUPLICATE_METHOD_MATCH = YES;
				"CODE_SIGN_IDENTITY[sdk=iphoneos*]" = "iPhone Developer";
				COPY_PHASE_STRIP = NO;
				DEBUG_INFORMATION_FORMAT = "dwarf-with-dsym";
				ENABLE_STRICT_OBJC_MSGSEND = YES;
				GCC_C_LANGUAGE_STANDARD = gnu99;
				GCC_DYNAMIC_NO_PIC = NO;
				GCC_NO_COMMON_BLOCKS = YES;
				GCC_OPTIMIZATION_LEVEL = 0;
				GCC_PREPROCESSOR_DEFINITIONS = (
					"DEBUG=1",
					"$(inherited)",
				);
				GCC_SYMBOLS_PRIVATE_EXTERN = NO;
				GCC_WARN_64_TO_32_BIT_CONVERSION = YES;
				GCC_WARN_ABOUT_RETURN_TYPE = YES_ERROR;
				GCC_WARN_UNDECLARED_SELECTOR = YES;
				GCC_WARN_UNINITIALIZED_AUTOS = YES_AGGRESSIVE;
				GCC_WARN_UNUSED_FUNCTION = YES;
				GCC_WARN_UNUSED_VARIABLE = YES;
				IPHONEOS_DEPLOYMENT_TARGET = 8.3;
				MTL_ENABLE_DEBUG_INFO = YES;
				ONLY_ACTIVE_ARCH = YES;
				SDKROOT = iphoneos;
			};
			name = Debug;
		};
		3D334C0A1B24C58E00F5BB41 /* Release */ = {
			isa = XCBuildConfiguration;
			buildSettings = {
				ALWAYS_SEARCH_USER_PATHS = NO;
				CLANG_CXX_LANGUAGE_STANDARD = "gnu++0x";
				CLANG_CXX_LIBRARY = "libc++";
				CLANG_ENABLE_MODULES = YES;
				CLANG_ENABLE_OBJC_ARC = YES;
				CLANG_WARN_BOOL_CONVERSION = YES;
				CLANG_WARN_CONSTANT_CONVERSION = YES;
				CLANG_WARN_DIRECT_OBJC_ISA_USAGE = YES_ERROR;
				CLANG_WARN_EMPTY_BODY = YES;
				CLANG_WARN_ENUM_CONVERSION = YES;
				CLANG_WARN_INT_CONVERSION = YES;
				CLANG_WARN_OBJC_ROOT_CLASS = YES_ERROR;
				CLANG_WARN_UNREACHABLE_CODE = YES;
				CLANG_WARN__DUPLICATE_METHOD_MATCH = YES;
				"CODE_SIGN_IDENTITY[sdk=iphoneos*]" = "iPhone Developer";
				COPY_PHASE_STRIP = NO;
				DEBUG_INFORMATION_FORMAT = "dwarf-with-dsym";
				ENABLE_NS_ASSERTIONS = NO;
				ENABLE_STRICT_OBJC_MSGSEND = YES;
				GCC_C_LANGUAGE_STANDARD = gnu99;
				GCC_NO_COMMON_BLOCKS = YES;
				GCC_WARN_64_TO_32_BIT_CONVERSION = YES;
				GCC_WARN_ABOUT_RETURN_TYPE = YES_ERROR;
				GCC_WARN_UNDECLARED_SELECTOR = YES;
				GCC_WARN_UNINITIALIZED_AUTOS = YES_AGGRESSIVE;
				GCC_WARN_UNUSED_FUNCTION = YES;
				GCC_WARN_UNUSED_VARIABLE = YES;
				IPHONEOS_DEPLOYMENT_TARGET = 8.3;
				MTL_ENABLE_DEBUG_INFO = NO;
				SDKROOT = iphoneos;
				VALIDATE_PRODUCT = YES;
			};
			name = Release;
		};
		3D334C0C1B24C58E00F5BB41 /* Debug */ = {
			isa = XCBuildConfiguration;
			buildSettings = {
				ASSETCATALOG_COMPILER_APPICON_NAME = AppIcon;
				INFOPLIST_FILE = madLibsKaira/Info.plist;
				LD_RUNPATH_SEARCH_PATHS = "$(inherited) @executable_path/Frameworks";
				PRODUCT_NAME = "$(TARGET_NAME)";
			};
			name = Debug;
		};
		3D334C0D1B24C58E00F5BB41 /* Release */ = {
			isa = XCBuildConfiguration;
			buildSettings = {
				ASSETCATALOG_COMPILER_APPICON_NAME = AppIcon;
				INFOPLIST_FILE = madLibsKaira/Info.plist;
				LD_RUNPATH_SEARCH_PATHS = "$(inherited) @executable_path/Frameworks";
				PRODUCT_NAME = "$(TARGET_NAME)";
			};
			name = Release;
		};
		3D334C0F1B24C58E00F5BB41 /* Debug */ = {
			isa = XCBuildConfiguration;
			buildSettings = {
				BUNDLE_LOADER = "$(TEST_HOST)";
				FRAMEWORK_SEARCH_PATHS = (
					"$(SDKROOT)/Developer/Library/Frameworks",
					"$(inherited)",
				);
				GCC_PREPROCESSOR_DEFINITIONS = (
					"DEBUG=1",
					"$(inherited)",
				);
				INFOPLIST_FILE = madLibsKairaTests/Info.plist;
				LD_RUNPATH_SEARCH_PATHS = "$(inherited) @executable_path/Frameworks @loader_path/Frameworks";
				PRODUCT_NAME = "$(TARGET_NAME)";
				TEST_HOST = "$(BUILT_PRODUCTS_DIR)/madLibsKaira.app/madLibsKaira";
			};
			name = Debug;
		};
		3D334C101B24C58E00F5BB41 /* Release */ = {
			isa = XCBuildConfiguration;
			buildSettings = {
				BUNDLE_LOADER = "$(TEST_HOST)";
				FRAMEWORK_SEARCH_PATHS = (
					"$(SDKROOT)/Developer/Library/Frameworks",
					"$(inherited)",
				);
				INFOPLIST_FILE = madLibsKairaTests/Info.plist;
				LD_RUNPATH_SEARCH_PATHS = "$(inherited) @executable_path/Frameworks @loader_path/Frameworks";
				PRODUCT_NAME = "$(TARGET_NAME)";
				TEST_HOST = "$(BUILT_PRODUCTS_DIR)/madLibsKaira.app/madLibsKaira";
			};
			name = Release;
		};
/* End XCBuildConfiguration section */

/* Begin XCConfigurationList section */
		3D334BE31B24C58D00F5BB41 /* Build configuration list for PBXProject "madLibsKaira" */ = {
			isa = XCConfigurationList;
			buildConfigurations = (
				3D334C091B24C58E00F5BB41 /* Debug */,
				3D334C0A1B24C58E00F5BB41 /* Release */,
			);
			defaultConfigurationIsVisible = 0;
			defaultConfigurationName = Release;
		};
		3D334C0B1B24C58E00F5BB41 /* Build configuration list for PBXNativeTarget "madLibsKaira" */ = {
			isa = XCConfigurationList;
			buildConfigurations = (
				3D334C0C1B24C58E00F5BB41 /* Debug */,
				3D334C0D1B24C58E00F5BB41 /* Release */,
			);
			defaultConfigurationIsVisible = 0;
		};
		3D334C0E1B24C58E00F5BB41 /* Build configuration list for PBXNativeTarget "madLibsKairaTests" */ = {
			isa = XCConfigurationList;
			buildConfigurations = (
				3D334C0F1B24C58E00F5BB41 /* Debug */,
				3D334C101B24C58E00F5BB41 /* Release */,
			);
			defaultConfigurationIsVisible = 0;
		};
/* End XCConfigurationList section */
	};
	rootObject = 3D334BE01B24C58D00F5BB41 /* Project object */;
}
